
Microsoft Visual Studio Solution File, Format Version 12.00
# Visual Studio Version 17
VisualStudioVersion = 17.2.32616.157
MinimumVisualStudioVersion = 10.0.40219.1
Project("{9092AA53-FB77-4645-B42D-1CCCA6BD08BD}") = "Learning React Web App", "Learning React Web App\Learning React Web App.njsproj", "{0D14CBCD-510F-48A4-9EBA-720801C91ACB}"
EndProject
Global
	GlobalSection(SolutionConfigurationPlatforms) = preSolution
		Debug|Any CPU = Debug|Any CPU
		Release|Any CPU = Release|Any CPU
	EndGlobalSection
	GlobalSection(ProjectConfigurationPlatforms) = postSolution
		{0D14CBCD-510F-48A4-9EBA-720801C91ACB}.Debug|Any CPU.ActiveCfg = Debug|Any CPU
		{0D14CBCD-510F-48A4-9EBA-720801C91ACB}.Debug|Any CPU.Build.0 = Debug|Any CPU
		{0D14CBCD-510F-48A4-9EBA-720801C91ACB}.Release|Any CPU.ActiveCfg = Release|Any CPU
		{0D14CBCD-510F-48A4-9EBA-720801C91ACB}.Release|Any CPU.Build.0 = Release|Any CPU
	EndGlobalSection
	GlobalSection(SolutionProperties) = preSolution
		HideSolutionNode = FALSE
	EndGlobalSection
	GlobalSection(ExtensibilityGlobals) = postSolution
		SolutionGuid = {1FF526B2-4F90-42F5-ADE3-CCB1A0E8D73D}
	EndGlobalSection
EndGlobal
